PODS:
  - BuchaSwift (1.1.1)
  - CDBDelegateCollection (1.1.1)
  - CDBKit (1.1.1)
  - Charts (3.3.0):
    - Charts/Core (= 3.3.0)
  - Charts/Core (3.3.0)
  - LightweightObservable (1.0.1)
  - ObjectiveDropboxOfficial (3.9.4)
  - TBDropboxKit (1.1.5):
    - CDBDelegateCollection (~> 1.1)
    - CDBKit (~> 1.1)
    - ObjectiveDropboxOfficial (~> 3.1)
    - TBLogger (~> 1.1)
  - TBLogger (1.1.2):
    - CDBKit (~> 1.1)
  - TinyDropbox (1.0.1):
    - BuchaSwift (~> 1.0)
    - TBDropboxKit (~> 1.1)

DEPENDENCIES:
  - Charts (~> 3.0)
  - LightweightObservable (~> 1.0)
  - TinyDropbox (~> 1.0)

SPEC REPOS:
  https://github.com/cocoapods/specs.git:
    - BuchaSwift
    - CDBDelegateCollection
    - CDBKit
    - Charts
    - LightweightObservable
    - ObjectiveDropboxOfficial
    - TBDropboxKit
    - TBLogger
    - TinyDropbox

SPEC CHECKSUMS:
  BuchaSwift: 98d6f2da293c7a2ec48407df6a54768858e75c9d
  CDBDelegateCollection: d3dc7666965f701bc54ed7eae591de2328a8c706
  CDBKit: eb073c45d4bffbbad99dc9f2a79effbdab890ea7
  Charts: ec1f57f9340054155691e84d4544a1d239d382c5
  LightweightObservable: d723535b481a5ac7853d4e423779c636534542ab
  ObjectiveDropboxOfficial: a5afefc83f6467c42c45f2253f583f2ad1ffc701
  TBDropboxKit: 1ba6d4882ece061ce716a42d6b1b6ac45aafdbd2
  TBLogger: 228c8ce0f8e6acdea7e85544f1567ead2af98411
  TinyDropbox: f54c34a67fe970f7bacdebcce9cc697a549e2a35

PODFILE CHECKSUM: a751cfe15f6d4c6bb72bd87680136547c4036098

COCOAPODS: 1.6.1
